
Microsoft Visual Studio Solution File, Format Version 12.00
# Visual Studio Version 17
VisualStudioVersion = 17.5.001.0
MinimumVisualStudioVersion = 10.0.40219.1
Project("{9A19103F-16F7-4668-BE54-9A1E7A4F7556}") = "ExerciseTax", "ExerciseTax.csproj", "{23B9DFC8-2CD3-4C24-9E1B-FFEFB6CCAB01}"
EndProject
Global
	GlobalSection(SolutionConfigurationPlatforms) = preSolution
		Debug|Any CPU = Debug|Any CPU
		Release|Any CPU = Release|Any CPU
	EndGlobalSection
	GlobalSection(ProjectConfigurationPlatforms) = postSolution
		{23B9DFC8-2CD3-4C24-9E1B-FFEFB6CCAB01}.Debug|Any CPU.ActiveCfg = Debug|Any CPU
		{23B9DFC8-2CD3-4C24-9E1B-FFEFB6CCAB01}.Debug|Any CPU.Build.0 = Debug|Any CPU
		{23B9DFC8-2CD3-4C24-9E1B-FFEFB6CCAB01}.Release|Any CPU.ActiveCfg = Release|Any CPU
		{23B9DFC8-2CD3-4C24-9E1B-FFEFB6CCAB01}.Release|Any CPU.Build.0 = Release|Any CPU
	EndGlobalSection
	GlobalSection(SolutionProperties) = preSolution
		HideSolutionNode = FALSE
	EndGlobalSection
	GlobalSection(ExtensibilityGlobals) = postSolution
		SolutionGuid = {51C88569-68D2-4A49-A804-B621AAF0A245}
	EndGlobalSection
EndGlobal
