
Microsoft Visual Studio Solution File, Format Version 12.00
# Visual Studio Version 17
VisualStudioVersion = 17.5.001.0
MinimumVisualStudioVersion = 10.0.40219.1
Project("{9A19103F-16F7-4668-BE54-9A1E7A4F7556}") = "ExerciseOrders", "ExerciseOrders.csproj", "{A38C4E51-E3E5-418E-859F-AA9F74E102E6}"
EndProject
Global
	GlobalSection(SolutionConfigurationPlatforms) = preSolution
		Debug|Any CPU = Debug|Any CPU
		Release|Any CPU = Release|Any CPU
	EndGlobalSection
	GlobalSection(ProjectConfigurationPlatforms) = postSolution
		{A38C4E51-E3E5-418E-859F-AA9F74E102E6}.Debug|Any CPU.ActiveCfg = Debug|Any CPU
		{A38C4E51-E3E5-418E-859F-AA9F74E102E6}.Debug|Any CPU.Build.0 = Debug|Any CPU
		{A38C4E51-E3E5-418E-859F-AA9F74E102E6}.Release|Any CPU.ActiveCfg = Release|Any CPU
		{A38C4E51-E3E5-418E-859F-AA9F74E102E6}.Release|Any CPU.Build.0 = Release|Any CPU
	EndGlobalSection
	GlobalSection(SolutionProperties) = preSolution
		HideSolutionNode = FALSE
	EndGlobalSection
	GlobalSection(ExtensibilityGlobals) = postSolution
		SolutionGuid = {8E8F37E5-3B4E-41F7-8ADA-CE325C3B7599}
	EndGlobalSection
EndGlobal
