
Microsoft Visual Studio Solution File, Format Version 12.00
# Visual Studio Version 17
VisualStudioVersion = 17.5.001.0
MinimumVisualStudioVersion = 10.0.40219.1
Project("{9A19103F-16F7-4668-BE54-9A1E7A4F7556}") = "ExerciseDataEntry", "ExerciseDataEntry.csproj", "{1520DCD9-30AD-43D6-87A4-94D4EA3ECACA}"
EndProject
Global
	GlobalSection(SolutionConfigurationPlatforms) = preSolution
		Debug|Any CPU = Debug|Any CPU
		Release|Any CPU = Release|Any CPU
	EndGlobalSection
	GlobalSection(ProjectConfigurationPlatforms) = postSolution
		{1520DCD9-30AD-43D6-87A4-94D4EA3ECACA}.Debug|Any CPU.ActiveCfg = Debug|Any CPU
		{1520DCD9-30AD-43D6-87A4-94D4EA3ECACA}.Debug|Any CPU.Build.0 = Debug|Any CPU
		{1520DCD9-30AD-43D6-87A4-94D4EA3ECACA}.Release|Any CPU.ActiveCfg = Release|Any CPU
		{1520DCD9-30AD-43D6-87A4-94D4EA3ECACA}.Release|Any CPU.Build.0 = Release|Any CPU
	EndGlobalSection
	GlobalSection(SolutionProperties) = preSolution
		HideSolutionNode = FALSE
	EndGlobalSection
	GlobalSection(ExtensibilityGlobals) = postSolution
		SolutionGuid = {64FC8CA9-2261-4666-87CD-EDFA4E37D336}
	EndGlobalSection
EndGlobal
