
Microsoft Visual Studio Solution File, Format Version 12.00
# Visual Studio Version 17
VisualStudioVersion = 17.5.001.0
MinimumVisualStudioVersion = 10.0.40219.1
Project("{9A19103F-16F7-4668-BE54-9A1E7A4F7556}") = "ExerciseCreatingClass", "ExerciseCreatingClass.csproj", "{6BB43D6F-5536-4FA7-A039-11734B84FCDE}"
EndProject
Global
	GlobalSection(SolutionConfigurationPlatforms) = preSolution
		Debug|Any CPU = Debug|Any CPU
		Release|Any CPU = Release|Any CPU
	EndGlobalSection
	GlobalSection(ProjectConfigurationPlatforms) = postSolution
		{6BB43D6F-5536-4FA7-A039-11734B84FCDE}.Debug|Any CPU.ActiveCfg = Debug|Any CPU
		{6BB43D6F-5536-4FA7-A039-11734B84FCDE}.Debug|Any CPU.Build.0 = Debug|Any CPU
		{6BB43D6F-5536-4FA7-A039-11734B84FCDE}.Release|Any CPU.ActiveCfg = Release|Any CPU
		{6BB43D6F-5536-4FA7-A039-11734B84FCDE}.Release|Any CPU.Build.0 = Release|Any CPU
	EndGlobalSection
	GlobalSection(SolutionProperties) = preSolution
		HideSolutionNode = FALSE
	EndGlobalSection
	GlobalSection(ExtensibilityGlobals) = postSolution
		SolutionGuid = {5CDB92C0-24E3-4B91-8B9B-AFEAD1B72856}
	EndGlobalSection
EndGlobal
