
Microsoft Visual Studio Solution File, Format Version 12.00
# Visual Studio Version 17
VisualStudioVersion = 17.5.001.0
MinimumVisualStudioVersion = 10.0.40219.1
Project("{9A19103F-16F7-4668-BE54-9A1E7A4F7556}") = "ExerciseBankAccount", "ExerciseBankAccount.csproj", "{32986F30-5D27-44E0-9311-99AB1BD32B05}"
EndProject
Global
	GlobalSection(SolutionConfigurationPlatforms) = preSolution
		Debug|Any CPU = Debug|Any CPU
		Release|Any CPU = Release|Any CPU
	EndGlobalSection
	GlobalSection(ProjectConfigurationPlatforms) = postSolution
		{32986F30-5D27-44E0-9311-99AB1BD32B05}.Debug|Any CPU.ActiveCfg = Debug|Any CPU
		{32986F30-5D27-44E0-9311-99AB1BD32B05}.Debug|Any CPU.Build.0 = Debug|Any CPU
		{32986F30-5D27-44E0-9311-99AB1BD32B05}.Release|Any CPU.ActiveCfg = Release|Any CPU
		{32986F30-5D27-44E0-9311-99AB1BD32B05}.Release|Any CPU.Build.0 = Release|Any CPU
	EndGlobalSection
	GlobalSection(SolutionProperties) = preSolution
		HideSolutionNode = FALSE
	EndGlobalSection
	GlobalSection(ExtensibilityGlobals) = postSolution
		SolutionGuid = {D13A6006-17FD-434A-8C19-6F42CC7D2747}
	EndGlobalSection
EndGlobal
